
Microsoft Visual Studio Solution File, Format Version 12.00
# Visual Studio 15
VisualStudioVersion = 15.0.27004.2009
MinimumVisualStudioVersion = 10.0.40219.1
Project("{8BC9CEB8-8B4A-11D0-8D11-00A0C91BC942}") = "ProgrammingBasics", "ProgrammingBasics\Build\ProgrammingBasics.vcxproj", "{12921B73-F815-4FA4-A943-889E3CD34A99}"
EndProject
Project("{8BC9CEB8-8B4A-11D0-8D11-00A0C91BC942}") = "KernelWrapperProject", "KernelWrapper\KernelWrapper.vcxproj", "{8F3DCBA5-AC6C-4049-9823-3BAD625469CB}"
EndProject
Project("{FAE04EC0-301F-11D3-BF4B-00C04F79EFBC}") = "WPF_UI", "WPF_UI\WPF_UI\WPF_UI.csproj", "{5A44766A-6A2E-45F4-9642-C0205233A2E1}"
EndProject
Global
	GlobalSection(SolutionConfigurationPlatforms) = preSolution
		Debug|Any CPU = Debug|Any CPU
		Debug|x64 = Debug|x64
		Debug|x86 = Debug|x86
		Release|Any CPU = Release|Any CPU
		Release|x64 = Release|x64
		Release|x86 = Release|x86
	EndGlobalSection
	GlobalSection(ProjectConfigurationPlatforms) = postSolution
		{12921B73-F815-4FA4-A943-889E3CD34A99}.Debug|Any CPU.ActiveCfg = Debug|Win32
		{12921B73-F815-4FA4-A943-889E3CD34A99}.Debug|x64.ActiveCfg = Debug|x64
		{12921B73-F815-4FA4-A943-889E3CD34A99}.Debug|x64.Build.0 = Debug|x64
		{12921B73-F815-4FA4-A943-889E3CD34A99}.Debug|x86.ActiveCfg = Debug|Win32
		{12921B73-F815-4FA4-A943-889E3CD34A99}.Debug|x86.Build.0 = Debug|Win32
		{12921B73-F815-4FA4-A943-889E3CD34A99}.Release|Any CPU.ActiveCfg = Release|Win32
		{12921B73-F815-4FA4-A943-889E3CD34A99}.Release|x64.ActiveCfg = Release|x64
		{12921B73-F815-4FA4-A943-889E3CD34A99}.Release|x64.Build.0 = Release|x64
		{12921B73-F815-4FA4-A943-889E3CD34A99}.Release|x86.ActiveCfg = Release|Win32
		{12921B73-F815-4FA4-A943-889E3CD34A99}.Release|x86.Build.0 = Release|Win32
		{8F3DCBA5-AC6C-4049-9823-3BAD625469CB}.Debug|Any CPU.ActiveCfg = Debug|Win32
		{8F3DCBA5-AC6C-4049-9823-3BAD625469CB}.Debug|x64.ActiveCfg = Debug|x64
		{8F3DCBA5-AC6C-4049-9823-3BAD625469CB}.Debug|x64.Build.0 = Debug|x64
		{8F3DCBA5-AC6C-4049-9823-3BAD625469CB}.Debug|x86.ActiveCfg = Debug|Win32
		{8F3DCBA5-AC6C-4049-9823-3BAD625469CB}.Debug|x86.Build.0 = Debug|Win32
		{8F3DCBA5-AC6C-4049-9823-3BAD625469CB}.Release|Any CPU.ActiveCfg = Release|Win32
		{8F3DCBA5-AC6C-4049-9823-3BAD625469CB}.Release|x64.ActiveCfg = Release|x64
		{8F3DCBA5-AC6C-4049-9823-3BAD625469CB}.Release|x64.Build.0 = Release|x64
		{8F3DCBA5-AC6C-4049-9823-3BAD625469CB}.Release|x86.ActiveCfg = Release|Win32
		{8F3DCBA5-AC6C-4049-9823-3BAD625469CB}.Release|x86.Build.0 = Release|Win32
		{5A44766A-6A2E-45F4-9642-C0205233A2E1}.Debug|Any CPU.ActiveCfg = Debug|x86
		{5A44766A-6A2E-45F4-9642-C0205233A2E1}.Debug|x64.ActiveCfg = Debug|x86
		{5A44766A-6A2E-45F4-9642-C0205233A2E1}.Debug|x86.ActiveCfg = Debug|x86
		{5A44766A-6A2E-45F4-9642-C0205233A2E1}.Debug|x86.Build.0 = Debug|x86
		{5A44766A-6A2E-45F4-9642-C0205233A2E1}.Release|Any CPU.ActiveCfg = Release|x86
		{5A44766A-6A2E-45F4-9642-C0205233A2E1}.Release|x64.ActiveCfg = Release|x86
		{5A44766A-6A2E-45F4-9642-C0205233A2E1}.Release|x86.ActiveCfg = Release|x86
		{5A44766A-6A2E-45F4-9642-C0205233A2E1}.Release|x86.Build.0 = Release|x86
	EndGlobalSection
	GlobalSection(SolutionProperties) = preSolution
		HideSolutionNode = FALSE
	EndGlobalSection
	GlobalSection(ExtensibilityGlobals) = postSolution
		SolutionGuid = {57188629-0C20-4046-85EF-1478754D329F}
	EndGlobalSection
EndGlobal
