
Microsoft Visual Studio Solution File, Format Version 12.00
# Visual Studio 15
VisualStudioVersion = 15.0.27004.2009
MinimumVisualStudioVersion = 10.0.40219.1
Project("{8BC9CEB8-8B4A-11D0-8D11-00A0C91BC942}") = "List", "List\List.vcxproj", "{A575D11E-B975-4FF7-9AEC-E8F789C0A284}"
EndProject
Global
	GlobalSection(SolutionConfigurationPlatforms) = preSolution
		Debug|x64 = Debug|x64
		Debug|x86 = Debug|x86
		Release|x64 = Release|x64
		Release|x86 = Release|x86
	EndGlobalSection
	GlobalSection(ProjectConfigurationPlatforms) = postSolution
		{A575D11E-B975-4FF7-9AEC-E8F789C0A284}.Debug|x64.ActiveCfg = Debug|x64
		{A575D11E-B975-4FF7-9AEC-E8F789C0A284}.Debug|x64.Build.0 = Debug|x64
		{A575D11E-B975-4FF7-9AEC-E8F789C0A284}.Debug|x86.ActiveCfg = Debug|Win32
		{A575D11E-B975-4FF7-9AEC-E8F789C0A284}.Debug|x86.Build.0 = Debug|Win32
		{A575D11E-B975-4FF7-9AEC-E8F789C0A284}.Release|x64.ActiveCfg = Release|x64
		{A575D11E-B975-4FF7-9AEC-E8F789C0A284}.Release|x64.Build.0 = Release|x64
		{A575D11E-B975-4FF7-9AEC-E8F789C0A284}.Release|x86.ActiveCfg = Release|Win32
		{A575D11E-B975-4FF7-9AEC-E8F789C0A284}.Release|x86.Build.0 = Release|Win32
	EndGlobalSection
	GlobalSection(SolutionProperties) = preSolution
		HideSolutionNode = FALSE
	EndGlobalSection
	GlobalSection(ExtensibilityGlobals) = postSolution
		SolutionGuid = {D03005B8-D66A-4BBE-8BFE-088F8BC48A73}
	EndGlobalSection
EndGlobal
